// !$*UTF8*$!
{
	archiveVersion = 1;
	classes = {
	};
	objectVersion = 46;
	objects = {

/* Begin PBXBuildFile section */
		59160E531DF905CB00BFD6C6 /* MenuHelper.swift in Sources */ = {isa = PBXBuildFile; fileRef = 59160E521DF905CB00BFD6C6 /* MenuHelper.swift */; };
		59160E551DF905EB00BFD6C6 /* Interactor.swift in Sources */ = {isa = PBXBuildFile; fileRef = 59160E541DF905EB00BFD6C6 /* Interactor.swift */; };
		59160E591DF9063800BFD6C6 /* PresentMenuAnimator.swift in Sources */ = {isa = PBXBuildFile; fileRef = 59160E581DF9063800BFD6C6 /* PresentMenuAnimator.swift */; };
		59160E5B1DF9064F00BFD6C6 /* DismissMenuAnimator.swift in Sources */ = {isa = PBXBuildFile; fileRef = 59160E5A1DF9064F00BFD6C6 /* DismissMenuAnimator.swift */; };
		594360C71DF8FE3800549D0F /* LeftMenu.swift in Sources */ = {isa = PBXBuildFile; fileRef = 594360C61DF8FE3800549D0F /* LeftMenu.swift */; };
		595A0F401DDF7F1F00A68502 /* AppDelegate.swift in Sources */ = {isa = PBXBuildFile; fileRef = 595A0F3F1DDF7F1F00A68502 /* AppDelegate.swift */; };
		595A0F451DDF7F1F00A68502 /* Main.storyboard in Resources */ = {isa = PBXBuildFile; fileRef = 595A0F431DDF7F1F00A68502 /* Main.storyboard */; };
		595A0F481DDF7F1F00A68502 /* iOSApp.xcdatamodeld in Sources */ = {isa = PBXBuildFile; fileRef = 595A0F461DDF7F1F00A68502 /* iOSApp.xcdatamodeld */; };
		595A0F4A1DDF7F1F00A68502 /* Assets.xcassets in Resources */ = {isa = PBXBuildFile; fileRef = 595A0F491DDF7F1F00A68502 /* Assets.xcassets */; };
		595A0F4D1DDF7F1F00A68502 /* LaunchScreen.storyboard in Resources */ = {isa = PBXBuildFile; fileRef = 595A0F4B1DDF7F1F00A68502 /* LaunchScreen.storyboard */; };
		595A0F581DDF7F2000A68502 /* iOSAppTests.swift in Sources */ = {isa = PBXBuildFile; fileRef = 595A0F571DDF7F2000A68502 /* iOSAppTests.swift */; };
		595A0F631DDF7F2000A68502 /* iOSAppUITests.swift in Sources */ = {isa = PBXBuildFile; fileRef = 595A0F621DDF7F2000A68502 /* iOSAppUITests.swift */; };
		59617D0F1DF90B5C009BDFB7 /* MapViewController.swift in Sources */ = {isa = PBXBuildFile; fileRef = 59617D0E1DF90B5C009BDFB7 /* MapViewController.swift */; };
		59617D111DF92F29009BDFB7 /* MapView.swift in Sources */ = {isa = PBXBuildFile; fileRef = 59617D101DF92F29009BDFB7 /* MapView.swift */; };
		59617D131DF93CBF009BDFB7 /* Artwork.swift in Sources */ = {isa = PBXBuildFile; fileRef = 59617D121DF93CBF009BDFB7 /* Artwork.swift */; };
		59674FB11DF6833500172F97 /* ContactManager.swift in Sources */ = {isa = PBXBuildFile; fileRef = 59674FB01DF6833500172F97 /* ContactManager.swift */; };
		596D2E5E1DF1441F00089476 /* DetailListTableViewCell.xib in Resources */ = {isa = PBXBuildFile; fileRef = 596D2E5C1DF1441F00089476 /* DetailListTableViewCell.xib */; };
		59826B551DF72F15002CE785 /* PlistData.plist in Resources */ = {isa = PBXBuildFile; fileRef = 59826B541DF72F15002CE785 /* PlistData.plist */; };
		59826B571DF72F1F002CE785 /* PListManager.swift in Sources */ = {isa = PBXBuildFile; fileRef = 59826B561DF72F1F002CE785 /* PListManager.swift */; };
		59826B5B1DF72F8C002CE785 /* Item+CoreDataProperties.swift in Sources */ = {isa = PBXBuildFile; fileRef = 59826B581DF72F8C002CE785 /* Item+CoreDataProperties.swift */; };
		59826B5C1DF72F8C002CE785 /* Tag+CoreDataProperties.swift in Sources */ = {isa = PBXBuildFile; fileRef = 59826B591DF72F8C002CE785 /* Tag+CoreDataProperties.swift */; };
		59826B5D1DF72F8C002CE785 /* List+CoreDataProperties.swift in Sources */ = {isa = PBXBuildFile; fileRef = 59826B5A1DF72F8C002CE785 /* List+CoreDataProperties.swift */; };
		59826B5F1DF77841002CE785 /* card.png in Resources */ = {isa = PBXBuildFile; fileRef = 59826B5E1DF77841002CE785 /* card.png */; };
		59826B6D1DF7CCC5002CE785 /* TagCollectionViewCell.swift in Sources */ = {isa = PBXBuildFile; fileRef = 59826B6C1DF7CCC5002CE785 /* TagCollectionViewCell.swift */; };
		59826B6F1DF7CCEE002CE785 /* TagViewController.swift in Sources */ = {isa = PBXBuildFile; fileRef = 59826B6E1DF7CCEE002CE785 /* TagViewController.swift */; };
		599088CB1DDF82460090A137 /* ListViewController.swift in Sources */ = {isa = PBXBuildFile; fileRef = 599088CA1DDF82460090A137 /* ListViewController.swift */; };
		599088CD1DDF82580090A137 /* ListDetailViewController.swift in Sources */ = {isa = PBXBuildFile; fileRef = 599088CC1DDF82580090A137 /* ListDetailViewController.swift */; };
		599088CF1DDF82C10090A137 /* ListView.swift in Sources */ = {isa = PBXBuildFile; fileRef = 599088CE1DDF82C10090A137 /* ListView.swift */; };
		599088D11DDF82D20090A137 /* ListDetailView.swift in Sources */ = {isa = PBXBuildFile; fileRef = 599088D01DDF82D20090A137 /* ListDetailView.swift */; };
		59AE8D761DF7D38100EB8B76 /* SearchItem+CoreDataProperties.swift in Sources */ = {isa = PBXBuildFile; fileRef = 59AE8D741DF7D38100EB8B76 /* SearchItem+CoreDataProperties.swift */; };
		59AE8D771DF7D38100EB8B76 /* SearchItem.swift in Sources */ = {isa = PBXBuildFile; fileRef = 59AE8D751DF7D38100EB8B76 /* SearchItem.swift */; };
		59AE8D7C1DF7D68400EB8B76 /* TagView.swift in Sources */ = {isa = PBXBuildFile; fileRef = 59AE8D7B1DF7D68400EB8B76 /* TagView.swift */; };
		59B4300A1DECC764009F615E /* Tag.swift in Sources */ = {isa = PBXBuildFile; fileRef = 59B42FFE1DECC764009F615E /* Tag.swift */; };
		59B4300C1DECC764009F615E /* Item.swift in Sources */ = {isa = PBXBuildFile; fileRef = 59B430001DECC764009F615E /* Item.swift */; };
		59B4300E1DECC764009F615E /* Friend.swift in Sources */ = {isa = PBXBuildFile; fileRef = 59B430021DECC764009F615E /* Friend.swift */; };
		59B430101DECC764009F615E /* List.swift in Sources */ = {isa = PBXBuildFile; fileRef = 59B430041DECC764009F615E /* List.swift */; };
		59B430121DECC764009F615E /* User.swift in Sources */ = {isa = PBXBuildFile; fileRef = 59B430061DECC764009F615E /* User.swift */; };
		59B430141DECC764009F615E /* Location.swift in Sources */ = {isa = PBXBuildFile; fileRef = 59B430081DECC764009F615E /* Location.swift */; };
		59B4301A1DECE199009F615E /* CoreDataStack.swift in Sources */ = {isa = PBXBuildFile; fileRef = 59B430191DECE199009F615E /* CoreDataStack.swift */; };
		59B4302E1DECF501009F615E /* Friend+CoreDataProperties.swift in Sources */ = {isa = PBXBuildFile; fileRef = 59B430281DECF501009F615E /* Friend+CoreDataProperties.swift */; };
		59B4302F1DECF501009F615E /* Location+CoreDataProperties.swift in Sources */ = {isa = PBXBuildFile; fileRef = 59B430291DECF501009F615E /* Location+CoreDataProperties.swift */; };
		59B4303D1DED3CAC009F615E /* ListsTableViewCell.swift in Sources */ = {isa = PBXBuildFile; fileRef = 59B4303B1DED3CAC009F615E /* ListsTableViewCell.swift */; };
		59B4303E1DED3CAC009F615E /* ListsTableViewCell.xib in Resources */ = {isa = PBXBuildFile; fileRef = 59B4303C1DED3CAC009F615E /* ListsTableViewCell.xib */; };
		59B430411DEDF677009F615E /* reminder.png in Resources */ = {isa = PBXBuildFile; fileRef = 59B430401DEDF677009F615E /* reminder.png */; };
		59B430451DF0A135009F615E /* User+CoreDataProperties.swift in Sources */ = {isa = PBXBuildFile; fileRef = 59B430441DF0A135009F615E /* User+CoreDataProperties.swift */; };
		59B430471DF0FE30009F615E /* NewUserViewController.swift in Sources */ = {isa = PBXBuildFile; fileRef = 59B430461DF0FE30009F615E /* NewUserViewController.swift */; };
		8078646C1DE1373100BD92AC /* CurrentLocation.swift in Sources */ = {isa = PBXBuildFile; fileRef = 8078646B1DE1373100BD92AC /* CurrentLocation.swift */; };
		80E643F21DF0FA0C00F39267 /* PostManager.swift in Sources */ = {isa = PBXBuildFile; fileRef = 80E643F11DF0FA0C00F39267 /* PostManager.swift */; };
/* End PBXBuildFile section */

/* Begin PBXContainerItemProxy section */
		595A0F541DDF7F2000A68502 /* PBXContainerItemProxy */ = {
			isa = PBXContainerItemProxy;
			containerPortal = 595A0F341DDF7F1F00A68502 /* Project object */;
			proxyType = 1;
			remoteGlobalIDString = 595A0F3B1DDF7F1F00A68502;
			remoteInfo = iOSApp;
		};
		595A0F5F1DDF7F2000A68502 /* PBXContainerItemProxy */ = {
			isa = PBXContainerItemProxy;
			containerPortal = 595A0F341DDF7F1F00A68502 /* Project object */;
			proxyType = 1;
			remoteGlobalIDString = 595A0F3B1DDF7F1F00A68502;
			remoteInfo = iOSApp;
		};
/* End PBXContainerItemProxy section */

/* Begin PBXFileReference section */
		59160E521DF905CB00BFD6C6 /* MenuHelper.swift */ = {isa = PBXFileReference; fileEncoding = 4; lastKnownFileType = sourcecode.swift; path = MenuHelper.swift; sourceTree = "<group>"; };
		59160E541DF905EB00BFD6C6 /* Interactor.swift */ = {isa = PBXFileReference; fileEncoding = 4; lastKnownFileType = sourcecode.swift; path = Interactor.swift; sourceTree = "<group>"; };
		59160E581DF9063800BFD6C6 /* PresentMenuAnimator.swift */ = {isa = PBXFileReference; fileEncoding = 4; lastKnownFileType = sourcecode.swift; path = PresentMenuAnimator.swift; sourceTree = "<group>"; };
		59160E5A1DF9064F00BFD6C6 /* DismissMenuAnimator.swift */ = {isa = PBXFileReference; fileEncoding = 4; lastKnownFileType = sourcecode.swift; path = DismissMenuAnimator.swift; sourceTree = "<group>"; };
		594360C61DF8FE3800549D0F /* LeftMenu.swift */ = {isa = PBXFileReference; fileEncoding = 4; lastKnownFileType = sourcecode.swift; path = LeftMenu.swift; sourceTree = "<group>"; };
		595A0F3C1DDF7F1F00A68502 /* iOSApp.app */ = {isa = PBXFileReference; explicitFileType = wrapper.application; includeInIndex = 0; path = iOSApp.app; sourceTree = BUILT_PRODUCTS_DIR; };
		595A0F3F1DDF7F1F00A68502 /* AppDelegate.swift */ = {isa = PBXFileReference; lastKnownFileType = sourcecode.swift; path = AppDelegate.swift; sourceTree = "<group>"; };
		595A0F441DDF7F1F00A68502 /* Base */ = {isa = PBXFileReference; lastKnownFileType = file.storyboard; name = Base; path = Base.lproj/Main.storyboard; sourceTree = "<group>"; };
		595A0F471DDF7F1F00A68502 /* iOSApp.xcdatamodel */ = {isa = PBXFileReference; lastKnownFileType = wrapper.xcdatamodel; path = iOSApp.xcdatamodel; sourceTree = "<group>"; };
		595A0F491DDF7F1F00A68502 /* Assets.xcassets */ = {isa = PBXFileReference; lastKnownFileType = folder.assetcatalog; path = Assets.xcassets; sourceTree = "<group>"; };
		595A0F4C1DDF7F1F00A68502 /* Base */ = {isa = PBXFileReference; lastKnownFileType = file.storyboard; name = Base; path = Base.lproj/LaunchScreen.storyboard; sourceTree = "<group>"; };
		595A0F4E1DDF7F1F00A68502 /* Info.plist */ = {isa = PBXFileReference; lastKnownFileType = text.plist.xml; path = Info.plist; sourceTree = "<group>"; };
		595A0F531DDF7F2000A68502 /* iOSAppTests.xctest */ = {isa = PBXFileReference; explicitFileType = wrapper.cfbundle; includeInIndex = 0; path = iOSAppTests.xctest; sourceTree = BUILT_PRODUCTS_DIR; };
		595A0F571DDF7F2000A68502 /* iOSAppTests.swift */ = {isa = PBXFileReference; lastKnownFileType = sourcecode.swift; path = iOSAppTests.swift; sourceTree = "<group>"; };
		595A0F591DDF7F2000A68502 /* Info.plist */ = {isa = PBXFileReference; lastKnownFileType = text.plist.xml; path = Info.plist; sourceTree = "<group>"; };
		595A0F5E1DDF7F2000A68502 /* iOSAppUITests.xctest */ = {isa = PBXFileReference; explicitFileType = wrapper.cfbundle; includeInIndex = 0; path = iOSAppUITests.xctest; sourceTree = BUILT_PRODUCTS_DIR; };
		595A0F621DDF7F2000A68502 /* iOSAppUITests.swift */ = {isa = PBXFileReference; lastKnownFileType = sourcecode.swift; path = iOSAppUITests.swift; sourceTree = "<group>"; };
		595A0F641DDF7F2000A68502 /* Info.plist */ = {isa = PBXFileReference; lastKnownFileType = text.plist.xml; path = Info.plist; sourceTree = "<group>"; };
		59617D0E1DF90B5C009BDFB7 /* MapViewController.swift */ = {isa = PBXFileReference; fileEncoding = 4; lastKnownFileType = sourcecode.swift; path = MapViewController.swift; sourceTree = "<group>"; };
		59617D101DF92F29009BDFB7 /* MapView.swift */ = {isa = PBXFileReference; fileEncoding = 4; lastKnownFileType = sourcecode.swift; path = MapView.swift; sourceTree = "<group>"; };
		59617D121DF93CBF009BDFB7 /* Artwork.swift */ = {isa = PBXFileReference; fileEncoding = 4; lastKnownFileType = sourcecode.swift; path = Artwork.swift; sourceTree = "<group>"; };
		59674FB01DF6833500172F97 /* ContactManager.swift */ = {isa = PBXFileReference; fileEncoding = 4; lastKnownFileType = sourcecode.swift; path = ContactManager.swift; sourceTree = "<group>"; };
		596D2E5C1DF1441F00089476 /* DetailListTableViewCell.xib */ = {isa = PBXFileReference; fileEncoding = 4; lastKnownFileType = file.xib; path = DetailListTableViewCell.xib; sourceTree = "<group>"; };
		59826B541DF72F15002CE785 /* PlistData.plist */ = {isa = PBXFileReference; fileEncoding = 4; lastKnownFileType = text.plist.xml; path = PlistData.plist; sourceTree = "<group>"; };
		59826B561DF72F1F002CE785 /* PListManager.swift */ = {isa = PBXFileReference; fileEncoding = 4; lastKnownFileType = sourcecode.swift; path = PListManager.swift; sourceTree = "<group>"; };
		59826B581DF72F8C002CE785 /* Item+CoreDataProperties.swift */ = {isa = PBXFileReference; fileEncoding = 4; lastKnownFileType = sourcecode.swift; name = "Item+CoreDataProperties.swift"; path = "../Item+CoreDataProperties.swift"; sourceTree = "<group>"; };
		59826B591DF72F8C002CE785 /* Tag+CoreDataProperties.swift */ = {isa = PBXFileReference; fileEncoding = 4; lastKnownFileType = sourcecode.swift; name = "Tag+CoreDataProperties.swift"; path = "../Tag+CoreDataProperties.swift"; sourceTree = "<group>"; };
		59826B5A1DF72F8C002CE785 /* List+CoreDataProperties.swift */ = {isa = PBXFileReference; fileEncoding = 4; lastKnownFileType = sourcecode.swift; name = "List+CoreDataProperties.swift"; path = "../List+CoreDataProperties.swift"; sourceTree = "<group>"; };
		59826B5E1DF77841002CE785 /* card.png */ = {isa = PBXFileReference; lastKnownFileType = image.png; path = card.png; sourceTree = "<group>"; };
		59826B6C1DF7CCC5002CE785 /* TagCollectionViewCell.swift */ = {isa = PBXFileReference; fileEncoding = 4; lastKnownFileType = sourcecode.swift; path = TagCollectionViewCell.swift; sourceTree = "<group>"; };
		59826B6E1DF7CCEE002CE785 /* TagViewController.swift */ = {isa = PBXFileReference; fileEncoding = 4; lastKnownFileType = sourcecode.swift; path = TagViewController.swift; sourceTree = "<group>"; };
		599088CA1DDF82460090A137 /* ListViewController.swift */ = {isa = PBXFileReference; fileEncoding = 4; lastKnownFileType = sourcecode.swift; path = ListViewController.swift; sourceTree = "<group>"; };
		599088CC1DDF82580090A137 /* ListDetailViewController.swift */ = {isa = PBXFileReference; fileEncoding = 4; lastKnownFileType = sourcecode.swift; path = ListDetailViewController.swift; sourceTree = "<group>"; };
		599088CE1DDF82C10090A137 /* ListView.swift */ = {isa = PBXFileReference; fileEncoding = 4; lastKnownFileType = sourcecode.swift; path = ListView.swift; sourceTree = "<group>"; };
		599088D01DDF82D20090A137 /* ListDetailView.swift */ = {isa = PBXFileReference; fileEncoding = 4; lastKnownFileType = sourcecode.swift; path = ListDetailView.swift; sourceTree = "<group>"; };
		59AE8D741DF7D38100EB8B76 /* SearchItem+CoreDataProperties.swift */ = {isa = PBXFileReference; fileEncoding = 4; lastKnownFileType = sourcecode.swift; name = "SearchItem+CoreDataProperties.swift"; path = "../SearchItem+CoreDataProperties.swift"; sourceTree = "<group>"; };
		59AE8D751DF7D38100EB8B76 /* SearchItem.swift */ = {isa = PBXFileReference; fileEncoding = 4; lastKnownFileType = sourcecode.swift; name = SearchItem.swift; path = ../SearchItem.swift; sourceTree = "<group>"; };
		59AE8D7B1DF7D68400EB8B76 /* TagView.swift */ = {isa = PBXFileReference; fileEncoding = 4; lastKnownFileType = sourcecode.swift; path = TagView.swift; sourceTree = "<group>"; };
		59B42FFE1DECC764009F615E /* Tag.swift */ = {isa = PBXFileReference; fileEncoding = 4; lastKnownFileType = sourcecode.swift; name = Tag.swift; path = ../Tag.swift; sourceTree = "<group>"; };
		59B430001DECC764009F615E /* Item.swift */ = {isa = PBXFileReference; fileEncoding = 4; lastKnownFileType = sourcecode.swift; name = Item.swift; path = ../Item.swift; sourceTree = "<group>"; };
		59B430021DECC764009F615E /* Friend.swift */ = {isa = PBXFileReference; fileEncoding = 4; lastKnownFileType = sourcecode.swift; name = Friend.swift; path = ../Friend.swift; sourceTree = "<group>"; };
		59B430041DECC764009F615E /* List.swift */ = {isa = PBXFileReference; fileEncoding = 4; lastKnownFileType = sourcecode.swift; name = List.swift; path = ../List.swift; sourceTree = "<group>"; };
		59B430061DECC764009F615E /* User.swift */ = {isa = PBXFileReference; fileEncoding = 4; lastKnownFileType = sourcecode.swift; name = User.swift; path = ../User.swift; sourceTree = "<group>"; };
		59B430081DECC764009F615E /* Location.swift */ = {isa = PBXFileReference; fileEncoding = 4; lastKnownFileType = sourcecode.swift; name = Location.swift; path = ../Location.swift; sourceTree = "<group>"; };
		59B430191DECE199009F615E /* CoreDataStack.swift */ = {isa = PBXFileReference; fileEncoding = 4; lastKnownFileType = sourcecode.swift; path = CoreDataStack.swift; sourceTree = "<group>"; };
		59B430281DECF501009F615E /* Friend+CoreDataProperties.swift */ = {isa = PBXFileReference; fileEncoding = 4; lastKnownFileType = sourcecode.swift; name = "Friend+CoreDataProperties.swift"; path = "../Friend+CoreDataProperties.swift"; sourceTree = "<group>"; };
		59B430291DECF501009F615E /* Location+CoreDataProperties.swift */ = {isa = PBXFileReference; fileEncoding = 4; lastKnownFileType = sourcecode.swift; name = "Location+CoreDataProperties.swift"; path = "../Location+CoreDataProperties.swift"; sourceTree = "<group>"; };
		59B4303B1DED3CAC009F615E /* ListsTableViewCell.swift */ = {isa = PBXFileReference; fileEncoding = 4; lastKnownFileType = sourcecode.swift; path = ListsTableViewCell.swift; sourceTree = "<group>"; };
		59B4303C1DED3CAC009F615E /* ListsTableViewCell.xib */ = {isa = PBXFileReference; fileEncoding = 4; lastKnownFileType = file.xib; path = ListsTableViewCell.xib; sourceTree = "<group>"; };
		59B430401DEDF677009F615E /* reminder.png */ = {isa = PBXFileReference; lastKnownFileType = image.png; path = reminder.png; sourceTree = "<group>"; };
		59B430441DF0A135009F615E /* User+CoreDataProperties.swift */ = {isa = PBXFileReference; fileEncoding = 4; lastKnownFileType = sourcecode.swift; name = "User+CoreDataProperties.swift"; path = "../User+CoreDataProperties.swift"; sourceTree = "<group>"; };
		59B430461DF0FE30009F615E /* NewUserViewController.swift */ = {isa = PBXFileReference; fileEncoding = 4; lastKnownFileType = sourcecode.swift; path = NewUserViewController.swift; sourceTree = "<group>"; };
		8078646B1DE1373100BD92AC /* CurrentLocation.swift */ = {isa = PBXFileReference; fileEncoding = 4; lastKnownFileType = sourcecode.swift; name = CurrentLocation.swift; path = ../CurrentLocation.swift; sourceTree = "<group>"; };
		80E643F11DF0FA0C00F39267 /* PostManager.swift */ = {isa = PBXFileReference; fileEncoding = 4; lastKnownFileType = sourcecode.swift; path = PostManager.swift; sourceTree = "<group>"; };
/* End PBXFileReference section */

/* Begin PBXFrameworksBuildPhase section */
		595A0F391DDF7F1F00A68502 /* Frameworks */ = {
			isa = PBXFrameworksBuildPhase;
			buildActionMask = 2147483647;
			files = (
			);
			runOnlyForDeploymentPostprocessing = 0;
		};
		595A0F501DDF7F2000A68502 /* Frameworks */ = {
			isa = PBXFrameworksBuildPhase;
			buildActionMask = 2147483647;
			files = (
			);
			runOnlyForDeploymentPostprocessing = 0;
		};
		595A0F5B1DDF7F2000A68502 /* Frameworks */ = {
			isa = PBXFrameworksBuildPhase;
			buildActionMask = 2147483647;
			files = (
			);
			runOnlyForDeploymentPostprocessing = 0;
		};
/* End PBXFrameworksBuildPhase section */

/* Begin PBXGroup section */
		595A0F331DDF7F1F00A68502 = {
			isa = PBXGroup;
			children = (
				595A0F3E1DDF7F1F00A68502 /* iOSApp */,
				595A0F561DDF7F2000A68502 /* iOSAppTests */,
				595A0F611DDF7F2000A68502 /* iOSAppUITests */,
				595A0F3D1DDF7F1F00A68502 /* Products */,
			);
			sourceTree = "<group>";
		};
		595A0F3D1DDF7F1F00A68502 /* Products */ = {
			isa = PBXGroup;
			children = (
				595A0F3C1DDF7F1F00A68502 /* iOSApp.app */,
				595A0F531DDF7F2000A68502 /* iOSAppTests.xctest */,
				595A0F5E1DDF7F2000A68502 /* iOSAppUITests.xctest */,
			);
			name = Products;
			sourceTree = "<group>";
		};
		595A0F3E1DDF7F1F00A68502 /* iOSApp */ = {
			isa = PBXGroup;
			children = (
				59B4303F1DEDF664009F615E /* Images */,
				59B430161DECC783009F615E /* CoreData */,
				59B430151DECC769009F615E /* Models */,
				59B42FE41DECC63A009F615E /* Views */,
				595A0F3F1DDF7F1F00A68502 /* AppDelegate.swift */,
				595A0F431DDF7F1F00A68502 /* Main.storyboard */,
				595A0F491DDF7F1F00A68502 /* Assets.xcassets */,
				595A0F4B1DDF7F1F00A68502 /* LaunchScreen.storyboard */,
				595A0F4E1DDF7F1F00A68502 /* Info.plist */,
				595A0F461DDF7F1F00A68502 /* iOSApp.xcdatamodeld */,
			);
			path = iOSApp;
			sourceTree = "<group>";
		};
		595A0F561DDF7F2000A68502 /* iOSAppTests */ = {
			isa = PBXGroup;
			children = (
				595A0F571DDF7F2000A68502 /* iOSAppTests.swift */,
				595A0F591DDF7F2000A68502 /* Info.plist */,
			);
			path = iOSAppTests;
			sourceTree = "<group>";
		};
		595A0F611DDF7F2000A68502 /* iOSAppUITests */ = {
			isa = PBXGroup;
			children = (
				595A0F621DDF7F2000A68502 /* iOSAppUITests.swift */,
				595A0F641DDF7F2000A68502 /* Info.plist */,
			);
			path = iOSAppUITests;
			sourceTree = "<group>";
		};
		59AE8D781DF7D5D900EB8B76 /* Tags */ = {
			isa = PBXGroup;
			children = (
				59826B6E1DF7CCEE002CE785 /* TagViewController.swift */,
				59826B6C1DF7CCC5002CE785 /* TagCollectionViewCell.swift */,
				59AE8D7B1DF7D68400EB8B76 /* TagView.swift */,
			);
			name = Tags;
			sourceTree = "<group>";
		};
		59AE8D791DF7D5F000EB8B76 /* Lists */ = {
			isa = PBXGroup;
			children = (
				59B4303B1DED3CAC009F615E /* ListsTableViewCell.swift */,
				59B4303C1DED3CAC009F615E /* ListsTableViewCell.xib */,
				599088CA1DDF82460090A137 /* ListViewController.swift */,
				599088CE1DDF82C10090A137 /* ListView.swift */,
			);
			name = Lists;
			sourceTree = "<group>";
		};
		59AE8D7A1DF7D61A00EB8B76 /* Items */ = {
			isa = PBXGroup;
			children = (
				596D2E5C1DF1441F00089476 /* DetailListTableViewCell.xib */,
				599088CC1DDF82580090A137 /* ListDetailViewController.swift */,
				599088D01DDF82D20090A137 /* ListDetailView.swift */,
			);
			name = Items;
			sourceTree = "<group>";
		};
		59B42FE41DECC63A009F615E /* Views */ = {
			isa = PBXGroup;
			children = (
				59B430461DF0FE30009F615E /* NewUserViewController.swift */,
				59AE8D791DF7D5F000EB8B76 /* Lists */,
				59AE8D7A1DF7D61A00EB8B76 /* Items */,
				59AE8D781DF7D5D900EB8B76 /* Tags */,
				594360C61DF8FE3800549D0F /* LeftMenu.swift */,
				59160E521DF905CB00BFD6C6 /* MenuHelper.swift */,
				59160E541DF905EB00BFD6C6 /* Interactor.swift */,
				59160E581DF9063800BFD6C6 /* PresentMenuAnimator.swift */,
				59160E5A1DF9064F00BFD6C6 /* DismissMenuAnimator.swift */,
				59617D0E1DF90B5C009BDFB7 /* MapViewController.swift */,
				59617D101DF92F29009BDFB7 /* MapView.swift */,
				59617D121DF93CBF009BDFB7 /* Artwork.swift */,
			);
			name = Views;
			path = ..;
			sourceTree = "<group>";
		};
		59B430151DECC769009F615E /* Models */ = {
			isa = PBXGroup;
			children = (
				59AE8D751DF7D38100EB8B76 /* SearchItem.swift */,
				59674FB01DF6833500172F97 /* ContactManager.swift */,
				59B42FFE1DECC764009F615E /* Tag.swift */,
				59B430001DECC764009F615E /* Item.swift */,
				59B430021DECC764009F615E /* Friend.swift */,
				59B430061DECC764009F615E /* User.swift */,
				59B430081DECC764009F615E /* Location.swift */,
				59B430041DECC764009F615E /* List.swift */,
				80E643F11DF0FA0C00F39267 /* PostManager.swift */,
				8078646B1DE1373100BD92AC /* CurrentLocation.swift */,
			);
			name = Models;
			sourceTree = "<group>";
		};
		59B430161DECC783009F615E /* CoreData */ = {
			isa = PBXGroup;
			children = (
				59AE8D741DF7D38100EB8B76 /* SearchItem+CoreDataProperties.swift */,
				59826B581DF72F8C002CE785 /* Item+CoreDataProperties.swift */,
				59826B591DF72F8C002CE785 /* Tag+CoreDataProperties.swift */,
				59826B5A1DF72F8C002CE785 /* List+CoreDataProperties.swift */,
				59826B561DF72F1F002CE785 /* PListManager.swift */,
				59826B541DF72F15002CE785 /* PlistData.plist */,
				59B430441DF0A135009F615E /* User+CoreDataProperties.swift */,
				59B430281DECF501009F615E /* Friend+CoreDataProperties.swift */,
				59B430291DECF501009F615E /* Location+CoreDataProperties.swift */,
				59B430191DECE199009F615E /* CoreDataStack.swift */,
			);
			name = CoreData;
			sourceTree = "<group>";
		};
		59B4303F1DEDF664009F615E /* Images */ = {
			isa = PBXGroup;
			children = (
				59826B5E1DF77841002CE785 /* card.png */,
				59B430401DEDF677009F615E /* reminder.png */,
			);
			name = Images;
			sourceTree = "<group>";
		};
/* End PBXGroup section */

/* Begin PBXNativeTarget section */
		595A0F3B1DDF7F1F00A68502 /* iOSApp */ = {
			isa = PBXNativeTarget;
			buildConfigurationList = 595A0F671DDF7F2000A68502 /* Build configuration list for PBXNativeTarget "iOSApp" */;
			buildPhases = (
				595A0F381DDF7F1F00A68502 /* Sources */,
				595A0F391DDF7F1F00A68502 /* Frameworks */,
				595A0F3A1DDF7F1F00A68502 /* Resources */,
			);
			buildRules = (
			);
			dependencies = (
			);
			name = iOSApp;
			productName = iOSApp;
			productReference = 595A0F3C1DDF7F1F00A68502 /* iOSApp.app */;
			productType = "com.apple.product-type.application";
		};
		595A0F521DDF7F2000A68502 /* iOSAppTests */ = {
			isa = PBXNativeTarget;
			buildConfigurationList = 595A0F6A1DDF7F2000A68502 /* Build configuration list for PBXNativeTarget "iOSAppTests" */;
			buildPhases = (
				595A0F4F1DDF7F2000A68502 /* Sources */,
				595A0F501DDF7F2000A68502 /* Frameworks */,
				595A0F511DDF7F2000A68502 /* Resources */,
			);
			buildRules = (
			);
			dependencies = (
				595A0F551DDF7F2000A68502 /* PBXTargetDependency */,
			);
			name = iOSAppTests;
			productName = iOSAppTests;
			productReference = 595A0F531DDF7F2000A68502 /* iOSAppTests.xctest */;
			productType = "com.apple.product-type.bundle.unit-test";
		};
		595A0F5D1DDF7F2000A68502 /* iOSAppUITests */ = {
			isa = PBXNativeTarget;
			buildConfigurationList = 595A0F6D1DDF7F2000A68502 /* Build configuration list for PBXNativeTarget "iOSAppUITests" */;
			buildPhases = (
				595A0F5A1DDF7F2000A68502 /* Sources */,
				595A0F5B1DDF7F2000A68502 /* Frameworks */,
				595A0F5C1DDF7F2000A68502 /* Resources */,
			);
			buildRules = (
			);
			dependencies = (
				595A0F601DDF7F2000A68502 /* PBXTargetDependency */,
			);
			name = iOSAppUITests;
			productName = iOSAppUITests;
			productReference = 595A0F5E1DDF7F2000A68502 /* iOSAppUITests.xctest */;
			productType = "com.apple.product-type.bundle.ui-testing";
		};
/* End PBXNativeTarget section */

/* Begin PBXProject section */
		595A0F341DDF7F1F00A68502 /* Project object */ = {
			isa = PBXProject;
			attributes = {
				LastSwiftUpdateCheck = 0730;
				LastUpgradeCheck = 0730;
				ORGANIZATIONNAME = "Katie Williams";
				TargetAttributes = {
					595A0F3B1DDF7F1F00A68502 = {
						CreatedOnToolsVersion = 7.3.1;
						DevelopmentTeam = SDY2D2FLQT;
					};
					595A0F521DDF7F2000A68502 = {
						CreatedOnToolsVersion = 7.3.1;
						TestTargetID = 595A0F3B1DDF7F1F00A68502;
					};
					595A0F5D1DDF7F2000A68502 = {
						CreatedOnToolsVersion = 7.3.1;
						TestTargetID = 595A0F3B1DDF7F1F00A68502;
					};
				};
			};
			buildConfigurationList = 595A0F371DDF7F1F00A68502 /* Build configuration list for PBXProject "iOSApp" */;
			compatibilityVersion = "Xcode 3.2";
			developmentRegion = English;
			hasScannedForEncodings = 0;
			knownRegions = (
				en,
				Base,
			);
			mainGroup = 595A0F331DDF7F1F00A68502;
			productRefGroup = 595A0F3D1DDF7F1F00A68502 /* Products */;
			projectDirPath = "";
			projectRoot = "";
			targets = (
				595A0F3B1DDF7F1F00A68502 /* iOSApp */,
				595A0F521DDF7F2000A68502 /* iOSAppTests */,
				595A0F5D1DDF7F2000A68502 /* iOSAppUITests */,
			);
		};
/* End PBXProject section */

/* Begin PBXResourcesBuildPhase section */
		595A0F3A1DDF7F1F00A68502 /* Resources */ = {
			isa = PBXResourcesBuildPhase;
			buildActionMask = 2147483647;
			files = (
				596D2E5E1DF1441F00089476 /* DetailListTableViewCell.xib in Resources */,
				59826B551DF72F15002CE785 /* PlistData.plist in Resources */,
				595A0F4D1DDF7F1F00A68502 /* LaunchScreen.storyboard in Resources */,
				59B4303E1DED3CAC009F615E /* ListsTableViewCell.xib in Resources */,
				595A0F4A1DDF7F1F00A68502 /* Assets.xcassets in Resources */,
				59826B5F1DF77841002CE785 /* card.png in Resources */,
				59B430411DEDF677009F615E /* reminder.png in Resources */,
				595A0F451DDF7F1F00A68502 /* Main.storyboard in Resources */,
			);
			runOnlyForDeploymentPostprocessing = 0;
		};
		595A0F511DDF7F2000A68502 /* Resources */ = {
			isa = PBXResourcesBuildPhase;
			buildActionMask = 2147483647;
			files = (
			);
			runOnlyForDeploymentPostprocessing = 0;
		};
		595A0F5C1DDF7F2000A68502 /* Resources */ = {
			isa = PBXResourcesBuildPhase;
			buildActionMask = 2147483647;
			files = (
			);
			runOnlyForDeploymentPostprocessing = 0;
		};
/* End PBXResourcesBuildPhase section */

/* Begin PBXSourcesBuildPhase section */
		595A0F381DDF7F1F00A68502 /* Sources */ = {
			isa = PBXSourcesBuildPhase;
			buildActionMask = 2147483647;
			files = (
				599088CF1DDF82C10090A137 /* ListView.swift in Sources */,
				59B4303D1DED3CAC009F615E /* ListsTableViewCell.swift in Sources */,
				595A0F401DDF7F1F00A68502 /* AppDelegate.swift in Sources */,
				8078646C1DE1373100BD92AC /* CurrentLocation.swift in Sources */,
				599088CB1DDF82460090A137 /* ListViewController.swift in Sources */,
				59B430121DECC764009F615E /* User.swift in Sources */,
				59AE8D761DF7D38100EB8B76 /* SearchItem+CoreDataProperties.swift in Sources */,
				59B430471DF0FE30009F615E /* NewUserViewController.swift in Sources */,
				59617D111DF92F29009BDFB7 /* MapView.swift in Sources */,
				59160E591DF9063800BFD6C6 /* PresentMenuAnimator.swift in Sources */,
				59826B5D1DF72F8C002CE785 /* List+CoreDataProperties.swift in Sources */,
				594360C71DF8FE3800549D0F /* LeftMenu.swift in Sources */,
				595A0F481DDF7F1F00A68502 /* iOSApp.xcdatamodeld in Sources */,
				59B430101DECC764009F615E /* List.swift in Sources */,
				59160E551DF905EB00BFD6C6 /* Interactor.swift in Sources */,
				59AE8D7C1DF7D68400EB8B76 /* TagView.swift in Sources */,
				59B4300C1DECC764009F615E /* Item.swift in Sources */,
				59826B6D1DF7CCC5002CE785 /* TagCollectionViewCell.swift in Sources */,
				59826B6F1DF7CCEE002CE785 /* TagViewController.swift in Sources */,
				599088CD1DDF82580090A137 /* ListDetailViewController.swift in Sources */,
				59160E531DF905CB00BFD6C6 /* MenuHelper.swift in Sources */,
				59826B5B1DF72F8C002CE785 /* Item+CoreDataProperties.swift in Sources */,
				59B4300A1DECC764009F615E /* Tag.swift in Sources */,
				59B430141DECC764009F615E /* Location.swift in Sources */,
				59160E5B1DF9064F00BFD6C6 /* DismissMenuAnimator.swift in Sources */,
				59826B5C1DF72F8C002CE785 /* Tag+CoreDataProperties.swift in Sources */,
				59B4302F1DECF501009F615E /* Location+CoreDataProperties.swift in Sources */,
				59617D0F1DF90B5C009BDFB7 /* MapViewController.swift in Sources */,
				59826B571DF72F1F002CE785 /* PListManager.swift in Sources */,
				59B4301A1DECE199009F615E /* CoreDataStack.swift in Sources */,
				59617D131DF93CBF009BDFB7 /* Artwork.swift in Sources */,
				59AE8D771DF7D38100EB8B76 /* SearchItem.swift in Sources */,
				59B430451DF0A135009F615E /* User+CoreDataProperties.swift in Sources */,
				59674FB11DF6833500172F97 /* ContactManager.swift in Sources */,
				59B4302E1DECF501009F615E /* Friend+CoreDataProperties.swift in Sources */,
				59B4300E1DECC764009F615E /* Friend.swift in Sources */,
				80E643F21DF0FA0C00F39267 /* PostManager.swift in Sources */,
				599088D11DDF82D20090A137 /* ListDetailView.swift in Sources */,
			);
			runOnlyForDeploymentPostprocessing = 0;
		};
		595A0F4F1DDF7F2000A68502 /* Sources */ = {
			isa = PBXSourcesBuildPhase;
			buildActionMask = 2147483647;
			files = (
				595A0F581DDF7F2000A68502 /* iOSAppTests.swift in Sources */,
			);
			runOnlyForDeploymentPostprocessing = 0;
		};
		595A0F5A1DDF7F2000A68502 /* Sources */ = {
			isa = PBXSourcesBuildPhase;
			buildActionMask = 2147483647;
			files = (
				595A0F631DDF7F2000A68502 /* iOSAppUITests.swift in Sources */,
			);
			runOnlyForDeploymentPostprocessing = 0;
		};
/* End PBXSourcesBuildPhase section */

/* Begin PBXTargetDependency section */
		595A0F551DDF7F2000A68502 /* PBXTargetDependency */ = {
			isa = PBXTargetDependency;
			target = 595A0F3B1DDF7F1F00A68502 /* iOSApp */;
			targetProxy = 595A0F541DDF7F2000A68502 /* PBXContainerItemProxy */;
		};
		595A0F601DDF7F2000A68502 /* PBXTargetDependency */ = {
			isa = PBXTargetDependency;
			target = 595A0F3B1DDF7F1F00A68502 /* iOSApp */;
			targetProxy = 595A0F5F1DDF7F2000A68502 /* PBXContainerItemProxy */;
		};
/* End PBXTargetDependency section */

/* Begin PBXVariantGroup section */
		595A0F431DDF7F1F00A68502 /* Main.storyboard */ = {
			isa = PBXVariantGroup;
			children = (
				595A0F441DDF7F1F00A68502 /* Base */,
			);
			name = Main.storyboard;
			sourceTree = "<group>";
		};
		595A0F4B1DDF7F1F00A68502 /* LaunchScreen.storyboard */ = {
			isa = PBXVariantGroup;
			children = (
				595A0F4C1DDF7F1F00A68502 /* Base */,
			);
			name = LaunchScreen.storyboard;
			sourceTree = "<group>";
		};
/* End PBXVariantGroup section */

/* Begin XCBuildConfiguration section */
		595A0F651DDF7F2000A68502 /* Debug */ = {
			isa = XCBuildConfiguration;
			buildSettings = {
				ALWAYS_SEARCH_USER_PATHS = NO;
				CLANG_ANALYZER_NONNULL = YES;
				CLANG_CXX_LANGUAGE_STANDARD = "gnu++0x";
				CLANG_CXX_LIBRARY = "libc++";
				CLANG_ENABLE_MODULES = YES;
				CLANG_ENABLE_OBJC_ARC = YES;
				CLANG_WARN_BOOL_CONVERSION = YES;
				CLANG_WARN_CONSTANT_CONVERSION = YES;
				CLANG_WARN_DIRECT_OBJC_ISA_USAGE = YES_ERROR;
				CLANG_WARN_EMPTY_BODY = YES;
				CLANG_WARN_ENUM_CONVERSION = YES;
				CLANG_WARN_INT_CONVERSION = YES;
				CLANG_WARN_OBJC_ROOT_CLASS = YES_ERROR;
				CLANG_WARN_UNREACHABLE_CODE = YES;
				CLANG_WARN__DUPLICATE_METHOD_MATCH = YES;
				"CODE_SIGN_IDENTITY[sdk=iphoneos*]" = "iPhone Developer";
				COPY_PHASE_STRIP = NO;
				DEBUG_INFORMATION_FORMAT = dwarf;
				ENABLE_STRICT_OBJC_MSGSEND = YES;
				ENABLE_TESTABILITY = YES;
				GCC_C_LANGUAGE_STANDARD = gnu99;
				GCC_DYNAMIC_NO_PIC = NO;
				GCC_NO_COMMON_BLOCKS = YES;
				GCC_OPTIMIZATION_LEVEL = 0;
				GCC_PREPROCESSOR_DEFINITIONS = (
					"DEBUG=1",
					"$(inherited)",
				);
				GCC_WARN_64_TO_32_BIT_CONVERSION = YES;
				GCC_WARN_ABOUT_RETURN_TYPE = YES_ERROR;
				GCC_WARN_UNDECLARED_SELECTOR = YES;
				GCC_WARN_UNINITIALIZED_AUTOS = YES_AGGRESSIVE;
				GCC_WARN_UNUSED_FUNCTION = YES;
				GCC_WARN_UNUSED_VARIABLE = YES;
				IPHONEOS_DEPLOYMENT_TARGET = 9.3;
				MTL_ENABLE_DEBUG_INFO = YES;
				ONLY_ACTIVE_ARCH = YES;
				SDKROOT = iphoneos;
				SWIFT_OPTIMIZATION_LEVEL = "-Onone";
				TARGETED_DEVICE_FAMILY = "1,2";
			};
			name = Debug;
		};
		595A0F661DDF7F2000A68502 /* Release */ = {
			isa = XCBuildConfiguration;
			buildSettings = {
				ALWAYS_SEARCH_USER_PATHS = NO;
				CLANG_ANALYZER_NONNULL = YES;
				CLANG_CXX_LANGUAGE_STANDARD = "gnu++0x";
				CLANG_CXX_LIBRARY = "libc++";
				CLANG_ENABLE_MODULES = YES;
				CLANG_ENABLE_OBJC_ARC = YES;
				CLANG_WARN_BOOL_CONVERSION = YES;
				CLANG_WARN_CONSTANT_CONVERSION = YES;
				CLANG_WARN_DIRECT_OBJC_ISA_USAGE = YES_ERROR;
				CLANG_WARN_EMPTY_BODY = YES;
				CLANG_WARN_ENUM_CONVERSION = YES;
				CLANG_WARN_INT_CONVERSION = YES;
				CLANG_WARN_OBJC_ROOT_CLASS = YES_ERROR;
				CLANG_WARN_UNREACHABLE_CODE = YES;
				CLANG_WARN__DUPLICATE_METHOD_MATCH = YES;
				"CODE_SIGN_IDENTITY[sdk=iphoneos*]" = "iPhone Developer";
				COPY_PHASE_STRIP = NO;
				DEBUG_INFORMATION_FORMAT = "dwarf-with-dsym";
				ENABLE_NS_ASSERTIONS = NO;
				ENABLE_STRICT_OBJC_MSGSEND = YES;
				GCC_C_LANGUAGE_STANDARD = gnu99;
				GCC_NO_COMMON_BLOCKS = YES;
				GCC_WARN_64_TO_32_BIT_CONVERSION = YES;
				GCC_WARN_ABOUT_RETURN_TYPE = YES_ERROR;
				GCC_WARN_UNDECLARED_SELECTOR = YES;
				GCC_WARN_UNINITIALIZED_AUTOS = YES_AGGRESSIVE;
				GCC_WARN_UNUSED_FUNCTION = YES;
				GCC_WARN_UNUSED_VARIABLE = YES;
				IPHONEOS_DEPLOYMENT_TARGET = 9.3;
				MTL_ENABLE_DEBUG_INFO = NO;
				SDKROOT = iphoneos;
				TARGETED_DEVICE_FAMILY = "1,2";
				VALIDATE_PRODUCT = YES;
			};
			name = Release;
		};
		595A0F681DDF7F2000A68502 /* Debug */ = {
			isa = XCBuildConfiguration;
			buildSettings = {
				ASSETCATALOG_COMPILER_APPICON_NAME = AppIcon;
				CODE_SIGN_IDENTITY = "iPhone Developer";
				"CODE_SIGN_IDENTITY[sdk=iphoneos*]" = "iPhone Developer";
				INFOPLIST_FILE = iOSApp/Info.plist;
				LD_RUNPATH_SEARCH_PATHS = "$(inherited) @executable_path/Frameworks";
				PRODUCT_BUNDLE_IDENTIFIER = KatAnne.iOSApp;
				PRODUCT_NAME = "$(TARGET_NAME)";
				PROVISIONING_PROFILE = "";
			};
			name = Debug;
		};
		595A0F691DDF7F2000A68502 /* Release */ = {
			isa = XCBuildConfiguration;
			buildSettings = {
				ASSETCATALOG_COMPILER_APPICON_NAME = AppIcon;
				CODE_SIGN_IDENTITY = "iPhone Developer";
				"CODE_SIGN_IDENTITY[sdk=iphoneos*]" = "iPhone Developer";
				INFOPLIST_FILE = iOSApp/Info.plist;
				LD_RUNPATH_SEARCH_PATHS = "$(inherited) @executable_path/Frameworks";
				PRODUCT_BUNDLE_IDENTIFIER = KatAnne.iOSApp;
				PRODUCT_NAME = "$(TARGET_NAME)";
				PROVISIONING_PROFILE = "";
			};
			name = Release;
		};
		595A0F6B1DDF7F2000A68502 /* Debug */ = {
			isa = XCBuildConfiguration;
			buildSettings = {
				BUNDLE_LOADER = "$(TEST_HOST)";
				INFOPLIST_FILE = iOSAppTests/Info.plist;
				LD_RUNPATH_SEARCH_PATHS = "$(inherited) @executable_path/Frameworks @loader_path/Frameworks";
				PRODUCT_BUNDLE_IDENTIFIER = KatAnne.iOSAppTests;
				PRODUCT_NAME = "$(TARGET_NAME)";
				TEST_HOST = "$(BUILT_PRODUCTS_DIR)/iOSApp.app/iOSApp";
			};
			name = Debug;
		};
		595A0F6C1DDF7F2000A68502 /* Release */ = {
			isa = XCBuildConfiguration;
			buildSettings = {
				BUNDLE_LOADER = "$(TEST_HOST)";
				INFOPLIST_FILE = iOSAppTests/Info.plist;
				LD_RUNPATH_SEARCH_PATHS = "$(inherited) @executable_path/Frameworks @loader_path/Frameworks";
				PRODUCT_BUNDLE_IDENTIFIER = KatAnne.iOSAppTests;
				PRODUCT_NAME = "$(TARGET_NAME)";
				TEST_HOST = "$(BUILT_PRODUCTS_DIR)/iOSApp.app/iOSApp";
			};
			name = Release;
		};
		595A0F6E1DDF7F2000A68502 /* Debug */ = {
			isa = XCBuildConfiguration;
			buildSettings = {
				INFOPLIST_FILE = iOSAppUITests/Info.plist;
				LD_RUNPATH_SEARCH_PATHS = "$(inherited) @executable_path/Frameworks @loader_path/Frameworks";
				PRODUCT_BUNDLE_IDENTIFIER = KatAnne.iOSAppUITests;
				PRODUCT_NAME = "$(TARGET_NAME)";
				TEST_TARGET_NAME = iOSApp;
			};
			name = Debug;
		};
		595A0F6F1DDF7F2000A68502 /* Release */ = {
			isa = XCBuildConfiguration;
			buildSettings = {
				INFOPLIST_FILE = iOSAppUITests/Info.plist;
				LD_RUNPATH_SEARCH_PATHS = "$(inherited) @executable_path/Frameworks @loader_path/Frameworks";
				PRODUCT_BUNDLE_IDENTIFIER = KatAnne.iOSAppUITests;
				PRODUCT_NAME = "$(TARGET_NAME)";
				TEST_TARGET_NAME = iOSApp;
			};
			name = Release;
		};
/* End XCBuildConfiguration section */

/* Begin XCConfigurationList section */
		595A0F371DDF7F1F00A68502 /* Build configuration list for PBXProject "iOSApp" */ = {
			isa = XCConfigurationList;
			buildConfigurations = (
				595A0F651DDF7F2000A68502 /* Debug */,
				595A0F661DDF7F2000A68502 /* Release */,
			);
			defaultConfigurationIsVisible = 0;
			defaultConfigurationName = Release;
		};
		595A0F671DDF7F2000A68502 /* Build configuration list for PBXNativeTarget "iOSApp" */ = {
			isa = XCConfigurationList;
			buildConfigurations = (
				595A0F681DDF7F2000A68502 /* Debug */,
				595A0F691DDF7F2000A68502 /* Release */,
			);
			defaultConfigurationIsVisible = 0;
			defaultConfigurationName = Release;
		};
		595A0F6A1DDF7F2000A68502 /* Build configuration list for PBXNativeTarget "iOSAppTests" */ = {
			isa = XCConfigurationList;
			buildConfigurations = (
				595A0F6B1DDF7F2000A68502 /* Debug */,
				595A0F6C1DDF7F2000A68502 /* Release */,
			);
			defaultConfigurationIsVisible = 0;
			defaultConfigurationName = Release;
		};
		595A0F6D1DDF7F2000A68502 /* Build configuration list for PBXNativeTarget "iOSAppUITests" */ = {
			isa = XCConfigurationList;
			buildConfigurations = (
				595A0F6E1DDF7F2000A68502 /* Debug */,
				595A0F6F1DDF7F2000A68502 /* Release */,
			);
			defaultConfigurationIsVisible = 0;
			defaultConfigurationName = Release;
		};
/* End XCConfigurationList section */

/* Begin XCVersionGroup section */
		595A0F461DDF7F1F00A68502 /* iOSApp.xcdatamodeld */ = {
			isa = XCVersionGroup;
			children = (
				595A0F471DDF7F1F00A68502 /* iOSApp.xcdatamodel */,
			);
			currentVersion = 595A0F471DDF7F1F00A68502 /* iOSApp.xcdatamodel */;
			path = iOSApp.xcdatamodeld;
			sourceTree = "<group>";
			versionGroupType = wrapper.xcdatamodel;
		};
/* End XCVersionGroup section */
	};
	rootObject = 595A0F341DDF7F1F00A68502 /* Project object */;
}
